// !$*UTF8*$!
{
	archiveVersion = 1;
	classes = {
	};
	objectVersion = 46;
	objects = {

/* Begin PBXBuildFile section */
		240041581A82C625008F043E /* main.m in Sources */ = {isa = PBXBuildFile; fileRef = 240041571A82C625008F043E /* main.m */; };
		2400415B1A82C625008F043E /* AppDelegate.m in Sources */ = {isa = PBXBuildFile; fileRef = 2400415A1A82C625008F043E /* AppDelegate.m */; };
		2400415E1A82C625008F043E /* Core_Data.xcdatamodeld in Sources */ = {isa = PBXBuildFile; fileRef = 2400415C1A82C625008F043E /* Core_Data.xcdatamodeld */; };
		240041611A82C625008F043E /* ViewController.m in Sources */ = {isa = PBXBuildFile; fileRef = 240041601A82C625008F043E /* ViewController.m */; };
		240041641A82C625008F043E /* Main.storyboard in Resources */ = {isa = PBXBuildFile; fileRef = 240041621A82C625008F043E /* Main.storyboard */; };
		240041661A82C625008F043E /* Images.xcassets in Resources */ = {isa = PBXBuildFile; fileRef = 240041651A82C625008F043E /* Images.xcassets */; };
		240041691A82C625008F043E /* LaunchScreen.xib in Resources */ = {isa = PBXBuildFile; fileRef = 240041671A82C625008F043E /* LaunchScreen.xib */; };
		240041751A82C625008F043E /* Core_DataTests.m in Sources */ = {isa = PBXBuildFile; fileRef = 240041741A82C625008F043E /* Core_DataTests.m */; };
		243B1F651A8BFB3600667F8F /* NSManagedObject+CRUD.m in Sources */ = {isa = PBXBuildFile; fileRef = 243B1F641A8BFB3600667F8F /* NSManagedObject+CRUD.m */; };
		24DAD6121A896B6400319616 /* Zadania.m in Sources */ = {isa = PBXBuildFile; fileRef = 24DAD6111A896B6400319616 /* Zadania.m */; };
		24DAD6151A896B6500319616 /* Osoba.m in Sources */ = {isa = PBXBuildFile; fileRef = 24DAD6141A896B6500319616 /* Osoba.m */; };
/* End PBXBuildFile section */

/* Begin PBXContainerItemProxy section */
		2400416F1A82C625008F043E /* PBXContainerItemProxy */ = {
			isa = PBXContainerItemProxy;
			containerPortal = 2400414A1A82C625008F043E /* Project object */;
			proxyType = 1;
			remoteGlobalIDString = 240041511A82C625008F043E;
			remoteInfo = "Core Data";
		};
/* End PBXContainerItemProxy section */

/* Begin PBXFileReference section */
		240041521A82C625008F043E /* Core Data.app */ = {isa = PBXFileReference; explicitFileType = wrapper.application; includeInIndex = 0; path = "Core Data.app"; sourceTree = BUILT_PRODUCTS_DIR; };
		240041561A82C625008F043E /* Info.plist */ = {isa = PBXFileReference; lastKnownFileType = text.plist.xml; path = Info.plist; sourceTree = "<group>"; };
		240041571A82C625008F043E /* main.m */ = {isa = PBXFileReference; lastKnownFileType = sourcecode.c.objc; path = main.m; sourceTree = "<group>"; };
		240041591A82C625008F043E /* AppDelegate.h */ = {isa = PBXFileReference; lastKnownFileType = sourcecode.c.h; path = AppDelegate.h; sourceTree = "<group>"; };
		2400415A1A82C625008F043E /* AppDelegate.m */ = {isa = PBXFileReference; lastKnownFileType = sourcecode.c.objc; path = AppDelegate.m; sourceTree = "<group>"; };
		2400415D1A82C625008F043E /* Core_Data.xcdatamodel */ = {isa = PBXFileReference; explicitFileType = wrapper.xcdatamodel; path = Core_Data.xcdatamodel; sourceTree = "<group>"; };
		2400415F1A82C625008F043E /* ViewController.h */ = {isa = PBXFileReference; lastKnownFileType = sourcecode.c.h; path = ViewController.h; sourceTree = "<group>"; };
		240041601A82C625008F043E /* ViewController.m */ = {isa = PBXFileReference; lastKnownFileType = sourcecode.c.objc; path = ViewController.m; sourceTree = "<group>"; };
		240041631A82C625008F043E /* Base */ = {isa = PBXFileReference; lastKnownFileType = file.storyboard; name = Base; path = Base.lproj/Main.storyboard; sourceTree = "<group>"; };
		240041651A82C625008F043E /* Images.xcassets */ = {isa = PBXFileReference; lastKnownFileType = folder.assetcatalog; path = Images.xcassets; sourceTree = "<group>"; };
		240041681A82C625008F043E /* Base */ = {isa = PBXFileReference; lastKnownFileType = file.xib; name = Base; path = Base.lproj/LaunchScreen.xib; sourceTree = "<group>"; };
		2400416E1A82C625008F043E /* Core DataTests.xctest */ = {isa = PBXFileReference; explicitFileType = wrapper.cfbundle; includeInIndex = 0; path = "Core DataTests.xctest"; sourceTree = BUILT_PRODUCTS_DIR; };
		240041731A82C625008F043E /* Info.plist */ = {isa = PBXFileReference; lastKnownFileType = text.plist.xml; path = Info.plist; sourceTree = "<group>"; };
		240041741A82C625008F043E /* Core_DataTests.m */ = {isa = PBXFileReference; lastKnownFileType = sourcecode.c.objc; path = Core_DataTests.m; sourceTree = "<group>"; };
		243B1F631A8BFB3600667F8F /* NSManagedObject+CRUD.h */ = {isa = PBXFileReference; fileEncoding = 4; lastKnownFileType = sourcecode.c.h; path = "NSManagedObject+CRUD.h"; sourceTree = "<group>"; };
		243B1F641A8BFB3600667F8F /* NSManagedObject+CRUD.m */ = {isa = PBXFileReference; fileEncoding = 4; lastKnownFileType = sourcecode.c.objc; path = "NSManagedObject+CRUD.m"; sourceTree = "<group>"; };
		24DAD6101A896B6400319616 /* Zadania.h */ = {isa = PBXFileReference; fileEncoding = 4; lastKnownFileType = sourcecode.c.h; path = Zadania.h; sourceTree = "<group>"; };
		24DAD6111A896B6400319616 /* Zadania.m */ = {isa = PBXFileReference; fileEncoding = 4; lastKnownFileType = sourcecode.c.objc; path = Zadania.m; sourceTree = "<group>"; };
		24DAD6131A896B6500319616 /* Osoba.h */ = {isa = PBXFileReference; fileEncoding = 4; lastKnownFileType = sourcecode.c.h; path = Osoba.h; sourceTree = "<group>"; };
		24DAD6141A896B6500319616 /* Osoba.m */ = {isa = PBXFileReference; fileEncoding = 4; lastKnownFileType = sourcecode.c.objc; path = Osoba.m; sourceTree = "<group>"; };
/* End PBXFileReference section */

/* Begin PBXFrameworksBuildPhase section */
		2400414F1A82C625008F043E /* Frameworks */ = {
			isa = PBXFrameworksBuildPhase;
			buildActionMask = 2147483647;
			files = (
			);
			runOnlyForDeploymentPostprocessing = 0;
		};
		2400416B1A82C625008F043E /* Frameworks */ = {
			isa = PBXFrameworksBuildPhase;
			buildActionMask = 2147483647;
			files = (
			);
			runOnlyForDeploymentPostprocessing = 0;
		};
/* End PBXFrameworksBuildPhase section */

/* Begin PBXGroup section */
		240041491A82C625008F043E = {
			isa = PBXGroup;
			children = (
				240041541A82C625008F043E /* Core Data */,
				240041711A82C625008F043E /* Core DataTests */,
				240041531A82C625008F043E /* Products */,
			);
			sourceTree = "<group>";
		};
		240041531A82C625008F043E /* Products */ = {
			isa = PBXGroup;
			children = (
				240041521A82C625008F043E /* Core Data.app */,
				2400416E1A82C625008F043E /* Core DataTests.xctest */,
			);
			name = Products;
			sourceTree = "<group>";
		};
		240041541A82C625008F043E /* Core Data */ = {
			isa = PBXGroup;
			children = (
				240041591A82C625008F043E /* AppDelegate.h */,
				2400415A1A82C625008F043E /* AppDelegate.m */,
				2400415F1A82C625008F043E /* ViewController.h */,
				240041601A82C625008F043E /* ViewController.m */,
				240041621A82C625008F043E /* Main.storyboard */,
				240041651A82C625008F043E /* Images.xcassets */,
				240041671A82C625008F043E /* LaunchScreen.xib */,
				2400415C1A82C625008F043E /* Core_Data.xcdatamodeld */,
				243B1F631A8BFB3600667F8F /* NSManagedObject+CRUD.h */,
				243B1F641A8BFB3600667F8F /* NSManagedObject+CRUD.m */,
				24DAD6131A896B6500319616 /* Osoba.h */,
				24DAD6141A896B6500319616 /* Osoba.m */,
				24DAD6101A896B6400319616 /* Zadania.h */,
				24DAD6111A896B6400319616 /* Zadania.m */,
				240041551A82C625008F043E /* Supporting Files */,
			);
			path = "Core Data";
			sourceTree = "<group>";
		};
		240041551A82C625008F043E /* Supporting Files */ = {
			isa = PBXGroup;
			children = (
				240041561A82C625008F043E /* Info.plist */,
				240041571A82C625008F043E /* main.m */,
			);
			name = "Supporting Files";
			sourceTree = "<group>";
		};
		240041711A82C625008F043E /* Core DataTests */ = {
			isa = PBXGroup;
			children = (
				240041741A82C625008F043E /* Core_DataTests.m */,
				240041721A82C625008F043E /* Supporting Files */,
			);
			path = "Core DataTests";
			sourceTree = "<group>";
		};
		240041721A82C625008F043E /* Supporting Files */ = {
			isa = PBXGroup;
			children = (
				240041731A82C625008F043E /* Info.plist */,
			);
			name = "Supporting Files";
			sourceTree = "<group>";
		};
/* End PBXGroup section */

/* Begin PBXNativeTarget section */
		240041511A82C625008F043E /* Core Data */ = {
			isa = PBXNativeTarget;
			buildConfigurationList = 240041781A82C625008F043E /* Build configuration list for PBXNativeTarget "Core Data" */;
			buildPhases = (
				2400414E1A82C625008F043E /* Sources */,
				2400414F1A82C625008F043E /* Frameworks */,
				240041501A82C625008F043E /* Resources */,
			);
			buildRules = (
			);
			dependencies = (
			);
			name = "Core Data";
			productName = "Core Data";
			productReference = 240041521A82C625008F043E /* Core Data.app */;
			productType = "com.apple.product-type.application";
		};
		2400416D1A82C625008F043E /* Core DataTests */ = {
			isa = PBXNativeTarget;
			buildConfigurationList = 2400417B1A82C625008F043E /* Build configuration list for PBXNativeTarget "Core DataTests" */;
			buildPhases = (
				2400416A1A82C625008F043E /* Sources */,
				2400416B1A82C625008F043E /* Frameworks */,
				2400416C1A82C625008F043E /* Resources */,
			);
			buildRules = (
			);
			dependencies = (
				240041701A82C625008F043E /* PBXTargetDependency */,
			);
			name = "Core DataTests";
			productName = "Core DataTests";
			productReference = 2400416E1A82C625008F043E /* Core DataTests.xctest */;
			productType = "com.apple.product-type.bundle.unit-test";
		};
/* End PBXNativeTarget section */

/* Begin PBXProject section */
		2400414A1A82C625008F043E /* Project object */ = {
			isa = PBXProject;
			attributes = {
				LastUpgradeCheck = 0610;
				ORGANIZATIONNAME = "Piotr Mlynarski";
				TargetAttributes = {
					240041511A82C625008F043E = {
						CreatedOnToolsVersion = 6.1.1;
					};
					2400416D1A82C625008F043E = {
						CreatedOnToolsVersion = 6.1.1;
						TestTargetID = 240041511A82C625008F043E;
					};
				};
			};
			buildConfigurationList = 2400414D1A82C625008F043E /* Build configuration list for PBXProject "Core Data" */;
			compatibilityVersion = "Xcode 3.2";
			developmentRegion = English;
			hasScannedForEncodings = 0;
			knownRegions = (
				en,
				Base,
			);
			mainGroup = 240041491A82C625008F043E;
			productRefGroup = 240041531A82C625008F043E /* Products */;
			projectDirPath = "";
			projectRoot = "";
			targets = (
				240041511A82C625008F043E /* Core Data */,
				2400416D1A82C625008F043E /* Core DataTests */,
			);
		};
/* End PBXProject section */

/* Begin PBXResourcesBuildPhase section */
		240041501A82C625008F043E /* Resources */ = {
			isa = PBXResourcesBuildPhase;
			buildActionMask = 2147483647;
			files = (
				240041641A82C625008F043E /* Main.storyboard in Resources */,
				240041691A82C625008F043E /* LaunchScreen.xib in Resources */,
				240041661A82C625008F043E /* Images.xcassets in Resources */,
			);
			runOnlyForDeploymentPostprocessing = 0;
		};
		2400416C1A82C625008F043E /* Resources */ = {
			isa = PBXResourcesBuildPhase;
			buildActionMask = 2147483647;
			files = (
			);
			runOnlyForDeploymentPostprocessing = 0;
		};
/* End PBXResourcesBuildPhase section */

/* Begin PBXSourcesBuildPhase section */
		2400414E1A82C625008F043E /* Sources */ = {
			isa = PBXSourcesBuildPhase;
			buildActionMask = 2147483647;
			files = (
				24DAD6151A896B6500319616 /* Osoba.m in Sources */,
				2400415B1A82C625008F043E /* AppDelegate.m in Sources */,
				240041581A82C625008F043E /* main.m in Sources */,
				240041611A82C625008F043E /* ViewController.m in Sources */,
				2400415E1A82C625008F043E /* Core_Data.xcdatamodeld in Sources */,
				243B1F651A8BFB3600667F8F /* NSManagedObject+CRUD.m in Sources */,
				24DAD6121A896B6400319616 /* Zadania.m in Sources */,
			);
			runOnlyForDeploymentPostprocessing = 0;
		};
		2400416A1A82C625008F043E /* Sources */ = {
			isa = PBXSourcesBuildPhase;
			buildActionMask = 2147483647;
			files = (
				240041751A82C625008F043E /* Core_DataTests.m in Sources */,
			);
			runOnlyForDeploymentPostprocessing = 0;
		};
/* End PBXSourcesBuildPhase section */

/* Begin PBXTargetDependency section */
		240041701A82C625008F043E /* PBXTargetDependency */ = {
			isa = PBXTargetDependency;
			target = 240041511A82C625008F043E /* Core Data */;
			targetProxy = 2400416F1A82C625008F043E /* PBXContainerItemProxy */;
		};
/* End PBXTargetDependency section */

/* Begin PBXVariantGroup section */
		240041621A82C625008F043E /* Main.storyboard */ = {
			isa = PBXVariantGroup;
			children = (
				240041631A82C625008F043E /* Base */,
			);
			name = Main.storyboard;
			sourceTree = "<group>";
		};
		240041671A82C625008F043E /* LaunchScreen.xib */ = {
			isa = PBXVariantGroup;
			children = (
				240041681A82C625008F043E /* Base */,
			);
			name = LaunchScreen.xib;
			sourceTree = "<group>";
		};
/* End PBXVariantGroup section */

/* Begin XCBuildConfiguration section */
		240041761A82C625008F043E /* Debug */ = {
			isa = XCBuildConfiguration;
			buildSettings = {
				ALWAYS_SEARCH_USER_PATHS = NO;
				CLANG_CXX_LANGUAGE_STANDARD = "gnu++0x";
				CLANG_CXX_LIBRARY = "libc++";
				CLANG_ENABLE_MODULES = YES;
				CLANG_ENABLE_OBJC_ARC = YES;
				CLANG_WARN_BOOL_CONVERSION = YES;
				CLANG_WARN_CONSTANT_CONVERSION = YES;
				CLANG_WARN_DIRECT_OBJC_ISA_USAGE = YES_ERROR;
				CLANG_WARN_EMPTY_BODY = YES;
				CLANG_WARN_ENUM_CONVERSION = YES;
				CLANG_WARN_INT_CONVERSION = YES;
				CLANG_WARN_OBJC_ROOT_CLASS = YES_ERROR;
				CLANG_WARN_UNREACHABLE_CODE = YES;
				CLANG_WARN__DUPLICATE_METHOD_MATCH = YES;
				"CODE_SIGN_IDENTITY[sdk=iphoneos*]" = "iPhone Developer";
				COPY_PHASE_STRIP = NO;
				ENABLE_STRICT_OBJC_MSGSEND = YES;
				GCC_C_LANGUAGE_STANDARD = gnu99;
				GCC_DYNAMIC_NO_PIC = NO;
				GCC_OPTIMIZATION_LEVEL = 0;
				GCC_PREPROCESSOR_DEFINITIONS = (
					"DEBUG=1",
					"$(inherited)",
				);
				GCC_SYMBOLS_PRIVATE_EXTERN = NO;
				GCC_WARN_64_TO_32_BIT_CONVERSION = YES;
				GCC_WARN_ABOUT_RETURN_TYPE = YES_ERROR;
				GCC_WARN_UNDECLARED_SELECTOR = YES;
				GCC_WARN_UNINITIALIZED_AUTOS = YES_AGGRESSIVE;
				GCC_WARN_UNUSED_FUNCTION = YES;
				GCC_WARN_UNUSED_VARIABLE = YES;
				IPHONEOS_DEPLOYMENT_TARGET = 8.1;
				MTL_ENABLE_DEBUG_INFO = YES;
				ONLY_ACTIVE_ARCH = YES;
				SDKROOT = iphoneos;
				TARGETED_DEVICE_FAMILY = "1,2";
			};
			name = Debug;
		};
		240041771A82C625008F043E /* Release */ = {
			isa = XCBuildConfiguration;
			buildSettings = {
				ALWAYS_SEARCH_USER_PATHS = NO;
				CLANG_CXX_LANGUAGE_STANDARD = "gnu++0x";
				CLANG_CXX_LIBRARY = "libc++";
				CLANG_ENABLE_MODULES = YES;
				CLANG_ENABLE_OBJC_ARC = YES;
				CLANG_WARN_BOOL_CONVERSION = YES;
				CLANG_WARN_CONSTANT_CONVERSION = YES;
				CLANG_WARN_DIRECT_OBJC_ISA_USAGE = YES_ERROR;
				CLANG_WARN_EMPTY_BODY = YES;
				CLANG_WARN_ENUM_CONVERSION = YES;
				CLANG_WARN_INT_CONVERSION = YES;
				CLANG_WARN_OBJC_ROOT_CLASS = YES_ERROR;
				CLANG_WARN_UNREACHABLE_CODE = YES;
				CLANG_WARN__DUPLICATE_METHOD_MATCH = YES;
				"CODE_SIGN_IDENTITY[sdk=iphoneos*]" = "iPhone Developer";
				COPY_PHASE_STRIP = YES;
				ENABLE_NS_ASSERTIONS = NO;
				ENABLE_STRICT_OBJC_MSGSEND = YES;
				GCC_C_LANGUAGE_STANDARD = gnu99;
				GCC_WARN_64_TO_32_BIT_CONVERSION = YES;
				GCC_WARN_ABOUT_RETURN_TYPE = YES_ERROR;
				GCC_WARN_UNDECLARED_SELECTOR = YES;
				GCC_WARN_UNINITIALIZED_AUTOS = YES_AGGRESSIVE;
				GCC_WARN_UNUSED_FUNCTION = YES;
				GCC_WARN_UNUSED_VARIABLE = YES;
				IPHONEOS_DEPLOYMENT_TARGET = 8.1;
				MTL_ENABLE_DEBUG_INFO = NO;
				SDKROOT = iphoneos;
				TARGETED_DEVICE_FAMILY = "1,2";
				VALIDATE_PRODUCT = YES;
			};
			name = Release;
		};
		240041791A82C625008F043E /* Debug */ = {
			isa = XCBuildConfiguration;
			buildSettings = {
				ASSETCATALOG_COMPILER_APPICON_NAME = AppIcon;
				INFOPLIST_FILE = "Core Data/Info.plist";
				LD_RUNPATH_SEARCH_PATHS = "$(inherited) @executable_path/Frameworks";
				PRODUCT_NAME = "$(TARGET_NAME)";
			};
			name = Debug;
		};
		2400417A1A82C625008F043E /* Release */ = {
			isa = XCBuildConfiguration;
			buildSettings = {
				ASSETCATALOG_COMPILER_APPICON_NAME = AppIcon;
				INFOPLIST_FILE = "Core Data/Info.plist";
				LD_RUNPATH_SEARCH_PATHS = "$(inherited) @executable_path/Frameworks";
				PRODUCT_NAME = "$(TARGET_NAME)";
			};
			name = Release;
		};
		2400417C1A82C625008F043E /* Debug */ = {
			isa = XCBuildConfiguration;
			buildSettings = {
				BUNDLE_LOADER = "$(TEST_HOST)";
				FRAMEWORK_SEARCH_PATHS = (
					"$(SDKROOT)/Developer/Library/Frameworks",
					"$(inherited)",
				);
				GCC_PREPROCESSOR_DEFINITIONS = (
					"DEBUG=1",
					"$(inherited)",
				);
				INFOPLIST_FILE = "Core DataTests/Info.plist";
				LD_RUNPATH_SEARCH_PATHS = "$(inherited) @executable_path/Frameworks @loader_path/Frameworks";
				PRODUCT_NAME = "$(TARGET_NAME)";
				TEST_HOST = "$(BUILT_PRODUCTS_DIR)/Core Data.app/Core Data";
			};
			name = Debug;
		};
		2400417D1A82C625008F043E /* Release */ = {
			isa = XCBuildConfiguration;
			buildSettings = {
				BUNDLE_LOADER = "$(TEST_HOST)";
				FRAMEWORK_SEARCH_PATHS = (
					"$(SDKROOT)/Developer/Library/Frameworks",
					"$(inherited)",
				);
				INFOPLIST_FILE = "Core DataTests/Info.plist";
				LD_RUNPATH_SEARCH_PATHS = "$(inherited) @executable_path/Frameworks @loader_path/Frameworks";
				PRODUCT_NAME = "$(TARGET_NAME)";
				TEST_HOST = "$(BUILT_PRODUCTS_DIR)/Core Data.app/Core Data";
			};
			name = Release;
		};
/* End XCBuildConfiguration section */

/* Begin XCConfigurationList section */
		2400414D1A82C625008F043E /* Build configuration list for PBXProject "Core Data" */ = {
			isa = XCConfigurationList;
			buildConfigurations = (
				240041761A82C625008F043E /* Debug */,
				240041771A82C625008F043E /* Release */,
			);
			defaultConfigurationIsVisible = 0;
			defaultConfigurationName = Release;
		};
		240041781A82C625008F043E /* Build configuration list for PBXNativeTarget "Core Data" */ = {
			isa = XCConfigurationList;
			buildConfigurations = (
				240041791A82C625008F043E /* Debug */,
				2400417A1A82C625008F043E /* Release */,
			);
			defaultConfigurationIsVisible = 0;
			defaultConfigurationName = Release;
		};
		2400417B1A82C625008F043E /* Build configuration list for PBXNativeTarget "Core DataTests" */ = {
			isa = XCConfigurationList;
			buildConfigurations = (
				2400417C1A82C625008F043E /* Debug */,
				2400417D1A82C625008F043E /* Release */,
			);
			defaultConfigurationIsVisible = 0;
			defaultConfigurationName = Release;
		};
/* End XCConfigurationList section */

/* Begin XCVersionGroup section */
		2400415C1A82C625008F043E /* Core_Data.xcdatamodeld */ = {
			isa = XCVersionGroup;
			children = (
				2400415D1A82C625008F043E /* Core_Data.xcdatamodel */,
			);
			currentVersion = 2400415D1A82C625008F043E /* Core_Data.xcdatamodel */;
			path = Core_Data.xcdatamodeld;
			sourceTree = "<group>";
			versionGroupType = wrapper.xcdatamodel;
		};
/* End XCVersionGroup section */
	};
	rootObject = 2400414A1A82C625008F043E /* Project object */;
}
